
Microsoft Visual Studio Solution File, Format Version 12.00
# Visual Studio Version 16
VisualStudioVersion = 16.0.29613.14
MinimumVisualStudioVersion = 10.0.40219.1
Project("{FAE04EC0-301F-11D3-BF4B-00C04F79EFBC}") = "SeleniumAutomation", "SeleniumAutomation\SeleniumAutomation.csproj", "{F8196282-FF37-41D1-903C-ECCCC28372D2}"
EndProject
Global
	GlobalSection(SolutionConfigurationPlatforms) = preSolution
		Debug|Any CPU = Debug|Any CPU
		Release|Any CPU = Release|Any CPU
	EndGlobalSection
	GlobalSection(ProjectConfigurationPlatforms) = postSolution
		{F8196282-FF37-41D1-903C-ECCCC28372D2}.Debug|Any CPU.ActiveCfg = Debug|Any CPU
		{F8196282-FF37-41D1-903C-ECCCC28372D2}.Debug|Any CPU.Build.0 = Debug|Any CPU
		{F8196282-FF37-41D1-903C-ECCCC28372D2}.Release|Any CPU.ActiveCfg = Release|Any CPU
		{F8196282-FF37-41D1-903C-ECCCC28372D2}.Release|Any CPU.Build.0 = Release|Any CPU
	EndGlobalSection
	GlobalSection(SolutionProperties) = preSolution
		HideSolutionNode = FALSE
	EndGlobalSection
	GlobalSection(ExtensibilityGlobals) = postSolution
		SolutionGuid = {9DC50E12-6AC1-4249-9157-ED56E16F6271}
	EndGlobalSection
EndGlobal
